// !$*UTF8*$!
{
	archiveVersion = 1;
	classes = {
	};
	objectVersion = 56;
	objects = {

/* Begin PBXBuildFile section */
		F29EA6AD2BCC17F80053BC45 /* ToDoApp.swift in Sources */ = {isa = PBXBuildFile; fileRef = F29EA6AC2BCC17F80053BC45 /* ToDoApp.swift */; };
		F29EA6AF2BCC17F80053BC45 /* MainView.swift in Sources */ = {isa = PBXBuildFile; fileRef = F29EA6AE2BCC17F80053BC45 /* MainView.swift */; };
		F29EA6B12BCC17F90053BC45 /* Assets.xcassets in Resources */ = {isa = PBXBuildFile; fileRef = F29EA6B02BCC17F90053BC45 /* Assets.xcassets */; };
		F29EA6B42BCC17F90053BC45 /* Preview Assets.xcassets in Resources */ = {isa = PBXBuildFile; fileRef = F29EA6B32BCC17F90053BC45 /* Preview Assets.xcassets */; };
		F29EA6BC2BCC1BA70053BC45 /* FirebaseAuth in Frameworks */ = {isa = PBXBuildFile; productRef = F29EA6BB2BCC1BA70053BC45 /* FirebaseAuth */; };
		F29EA6BE2BCC1BA70053BC45 /* FirebaseFirestore in Frameworks */ = {isa = PBXBuildFile; productRef = F29EA6BD2BCC1BA70053BC45 /* FirebaseFirestore */; };
		F29EA6C02BCC1DCD0053BC45 /* GoogleService-Info.plist in Resources */ = {isa = PBXBuildFile; fileRef = F29EA6BF2BCC1DCD0053BC45 /* GoogleService-Info.plist */; };
		F29EA6C52BCC213B0053BC45 /* ProfileView.swift in Sources */ = {isa = PBXBuildFile; fileRef = F29EA6C42BCC213B0053BC45 /* ProfileView.swift */; };
		F29EA6C72BCC214D0053BC45 /* HomeView.swift in Sources */ = {isa = PBXBuildFile; fileRef = F29EA6C62BCC214D0053BC45 /* HomeView.swift */; };
		F29EA6C92BCC21600053BC45 /* LoginView.swift in Sources */ = {isa = PBXBuildFile; fileRef = F29EA6C82BCC21600053BC45 /* LoginView.swift */; };
		F29EA6CB2BCC21920053BC45 /* SignUpView.swift in Sources */ = {isa = PBXBuildFile; fileRef = F29EA6CA2BCC21920053BC45 /* SignUpView.swift */; };
		F29EA6D12BCC24370053BC45 /* SignUpViewModel.swift in Sources */ = {isa = PBXBuildFile; fileRef = F29EA6D02BCC24370053BC45 /* SignUpViewModel.swift */; };
		F29EA6D32BCC24490053BC45 /* ProfileViewModel.swift in Sources */ = {isa = PBXBuildFile; fileRef = F29EA6D22BCC24490053BC45 /* ProfileViewModel.swift */; };
		F29EA6D52BCC24510053BC45 /* HomeViewModel.swift in Sources */ = {isa = PBXBuildFile; fileRef = F29EA6D42BCC24510053BC45 /* HomeViewModel.swift */; };
		F29EA6D72BCC245A0053BC45 /* LoginViewModel.swift in Sources */ = {isa = PBXBuildFile; fileRef = F29EA6D62BCC245A0053BC45 /* LoginViewModel.swift */; };
		F29EA6DC2BCC24B40053BC45 /* User.swift in Sources */ = {isa = PBXBuildFile; fileRef = F29EA6DB2BCC24B40053BC45 /* User.swift */; };
		F29EA6DE2BCC250A0053BC45 /* ItemModel.swift in Sources */ = {isa = PBXBuildFile; fileRef = F29EA6DD2BCC250A0053BC45 /* ItemModel.swift */; };
/* End PBXBuildFile section */

/* Begin PBXFileReference section */
		F29EA6A92BCC17F80053BC45 /* ToDo.app */ = {isa = PBXFileReference; explicitFileType = wrapper.application; includeInIndex = 0; path = ToDo.app; sourceTree = BUILT_PRODUCTS_DIR; };
		F29EA6AC2BCC17F80053BC45 /* ToDoApp.swift */ = {isa = PBXFileReference; lastKnownFileType = sourcecode.swift; path = ToDoApp.swift; sourceTree = "<group>"; };
		F29EA6AE2BCC17F80053BC45 /* MainView.swift */ = {isa = PBXFileReference; lastKnownFileType = sourcecode.swift; path = MainView.swift; sourceTree = "<group>"; };
		F29EA6B02BCC17F90053BC45 /* Assets.xcassets */ = {isa = PBXFileReference; lastKnownFileType = folder.assetcatalog; path = Assets.xcassets; sourceTree = "<group>"; };
		F29EA6B32BCC17F90053BC45 /* Preview Assets.xcassets */ = {isa = PBXFileReference; lastKnownFileType = folder.assetcatalog; path = "Preview Assets.xcassets"; sourceTree = "<group>"; };
		F29EA6BF2BCC1DCD0053BC45 /* GoogleService-Info.plist */ = {isa = PBXFileReference; fileEncoding = 4; lastKnownFileType = text.plist.xml; name = "GoogleService-Info.plist"; path = "../../../../Downloads/GoogleService-Info.plist"; sourceTree = "<group>"; };
		F29EA6C42BCC213B0053BC45 /* ProfileView.swift */ = {isa = PBXFileReference; lastKnownFileType = sourcecode.swift; path = ProfileView.swift; sourceTree = "<group>"; };
		F29EA6C62BCC214D0053BC45 /* HomeView.swift */ = {isa = PBXFileReference; lastKnownFileType = sourcecode.swift; path = HomeView.swift; sourceTree = "<group>"; };
		F29EA6C82BCC21600053BC45 /* LoginView.swift */ = {isa = PBXFileReference; lastKnownFileType = sourcecode.swift; path = LoginView.swift; sourceTree = "<group>"; };
		F29EA6CA2BCC21920053BC45 /* SignUpView.swift */ = {isa = PBXFileReference; lastKnownFileType = sourcecode.swift; path = SignUpView.swift; sourceTree = "<group>"; };
		F29EA6D02BCC24370053BC45 /* SignUpViewModel.swift */ = {isa = PBXFileReference; lastKnownFileType = sourcecode.swift; path = SignUpViewModel.swift; sourceTree = "<group>"; };
		F29EA6D22BCC24490053BC45 /* ProfileViewModel.swift */ = {isa = PBXFileReference; lastKnownFileType = sourcecode.swift; path = ProfileViewModel.swift; sourceTree = "<group>"; };
		F29EA6D42BCC24510053BC45 /* HomeViewModel.swift */ = {isa = PBXFileReference; lastKnownFileType = sourcecode.swift; path = HomeViewModel.swift; sourceTree = "<group>"; };
		F29EA6D62BCC245A0053BC45 /* LoginViewModel.swift */ = {isa = PBXFileReference; lastKnownFileType = sourcecode.swift; path = LoginViewModel.swift; sourceTree = "<group>"; };
		F29EA6DB2BCC24B40053BC45 /* User.swift */ = {isa = PBXFileReference; lastKnownFileType = sourcecode.swift; path = User.swift; sourceTree = "<group>"; };
		F29EA6DD2BCC250A0053BC45 /* ItemModel.swift */ = {isa = PBXFileReference; lastKnownFileType = sourcecode.swift; path = ItemModel.swift; sourceTree = "<group>"; };
/* End PBXFileReference section */

/* Begin PBXFrameworksBuildPhase section */
		F29EA6A62BCC17F80053BC45 /* Frameworks */ = {
			isa = PBXFrameworksBuildPhase;
			buildActionMask = 2147483647;
			files = (
				F29EA6BC2BCC1BA70053BC45 /* FirebaseAuth in Frameworks */,
				F29EA6BE2BCC1BA70053BC45 /* FirebaseFirestore in Frameworks */,
			);
			runOnlyForDeploymentPostprocessing = 0;
		};
/* End PBXFrameworksBuildPhase section */

/* Begin PBXGroup section */
		F29EA6A02BCC17F80053BC45 = {
			isa = PBXGroup;
			children = (
				F29EA6AB2BCC17F80053BC45 /* ToDo */,
				F29EA6AA2BCC17F80053BC45 /* Products */,
			);
			sourceTree = "<group>";
		};
		F29EA6AA2BCC17F80053BC45 /* Products */ = {
			isa = PBXGroup;
			children = (
				F29EA6A92BCC17F80053BC45 /* ToDo.app */,
			);
			name = Products;
			sourceTree = "<group>";
		};
		F29EA6AB2BCC17F80053BC45 /* ToDo */ = {
			isa = PBXGroup;
			children = (
				F29EA6DA2BCC24A30053BC45 /* Model */,
				F29EA6CF2BCC24140053BC45 /* Login */,
				F29EA6CE2BCC24080053BC45 /* Home */,
				F29EA6CD2BCC23FB0053BC45 /* Profile */,
				F29EA6CC2BCC23E30053BC45 /* SignUp */,
				F29EA6BF2BCC1DCD0053BC45 /* GoogleService-Info.plist */,
				F29EA6AE2BCC17F80053BC45 /* MainView.swift */,
				F29EA6AC2BCC17F80053BC45 /* ToDoApp.swift */,
				F29EA6B02BCC17F90053BC45 /* Assets.xcassets */,
				F29EA6B22BCC17F90053BC45 /* Preview Content */,
			);
			path = ToDo;
			sourceTree = "<group>";
		};
		F29EA6B22BCC17F90053BC45 /* Preview Content */ = {
			isa = PBXGroup;
			children = (
				F29EA6B32BCC17F90053BC45 /* Preview Assets.xcassets */,
			);
			path = "Preview Content";
			sourceTree = "<group>";
		};
		F29EA6CC2BCC23E30053BC45 /* SignUp */ = {
			isa = PBXGroup;
			children = (
				F29EA6CA2BCC21920053BC45 /* SignUpView.swift */,
				F29EA6D02BCC24370053BC45 /* SignUpViewModel.swift */,
			);
			path = SignUp;
			sourceTree = "<group>";
		};
		F29EA6CD2BCC23FB0053BC45 /* Profile */ = {
			isa = PBXGroup;
			children = (
				F29EA6C42BCC213B0053BC45 /* ProfileView.swift */,
				F29EA6D22BCC24490053BC45 /* ProfileViewModel.swift */,
			);
			path = Profile;
			sourceTree = "<group>";
		};
		F29EA6CE2BCC24080053BC45 /* Home */ = {
			isa = PBXGroup;
			children = (
				F29EA6C62BCC214D0053BC45 /* HomeView.swift */,
				F29EA6D42BCC24510053BC45 /* HomeViewModel.swift */,
			);
			path = Home;
			sourceTree = "<group>";
		};
		F29EA6CF2BCC24140053BC45 /* Login */ = {
			isa = PBXGroup;
			children = (
				F29EA6C82BCC21600053BC45 /* LoginView.swift */,
				F29EA6D62BCC245A0053BC45 /* LoginViewModel.swift */,
			);
			path = Login;
			sourceTree = "<group>";
		};
		F29EA6DA2BCC24A30053BC45 /* Model */ = {
			isa = PBXGroup;
			children = (
				F29EA6DB2BCC24B40053BC45 /* User.swift */,
				F29EA6DD2BCC250A0053BC45 /* ItemModel.swift */,
			);
			path = Model;
			sourceTree = "<group>";
		};
/* End PBXGroup section */

/* Begin PBXNativeTarget section */
		F29EA6A82BCC17F80053BC45 /* ToDo */ = {
			isa = PBXNativeTarget;
			buildConfigurationList = F29EA6B72BCC17F90053BC45 /* Build configuration list for PBXNativeTarget "ToDo" */;
			buildPhases = (
				F29EA6A52BCC17F80053BC45 /* Sources */,
				F29EA6A62BCC17F80053BC45 /* Frameworks */,
				F29EA6A72BCC17F80053BC45 /* Resources */,
			);
			buildRules = (
			);
			dependencies = (
			);
			name = ToDo;
			packageProductDependencies = (
				F29EA6BB2BCC1BA70053BC45 /* FirebaseAuth */,
				F29EA6BD2BCC1BA70053BC45 /* FirebaseFirestore */,
			);
			productName = ToDo;
			productReference = F29EA6A92BCC17F80053BC45 /* ToDo.app */;
			productType = "com.apple.product-type.application";
		};
/* End PBXNativeTarget section */

/* Begin PBXProject section */
		F29EA6A12BCC17F80053BC45 /* Project object */ = {
			isa = PBXProject;
			attributes = {
				BuildIndependentTargetsInParallel = 1;
				LastSwiftUpdateCheck = 1530;
				LastUpgradeCheck = 1530;
				TargetAttributes = {
					F29EA6A82BCC17F80053BC45 = {
						CreatedOnToolsVersion = 15.3;
					};
				};
			};
			buildConfigurationList = F29EA6A42BCC17F80053BC45 /* Build configuration list for PBXProject "ToDo" */;
			compatibilityVersion = "Xcode 14.0";
			developmentRegion = en;
			hasScannedForEncodings = 0;
			knownRegions = (
				en,
				Base,
			);
			mainGroup = F29EA6A02BCC17F80053BC45;
			packageReferences = (
				F29EA6BA2BCC1BA70053BC45 /* XCRemoteSwiftPackageReference "firebase-ios-sdk" */,
			);
			productRefGroup = F29EA6AA2BCC17F80053BC45 /* Products */;
			projectDirPath = "";
			projectRoot = "";
			targets = (
				F29EA6A82BCC17F80053BC45 /* ToDo */,
			);
		};
/* End PBXProject section */

/* Begin PBXResourcesBuildPhase section */
		F29EA6A72BCC17F80053BC45 /* Resources */ = {
			isa = PBXResourcesBuildPhase;
			buildActionMask = 2147483647;
			files = (
				F29EA6B42BCC17F90053BC45 /* Preview Assets.xcassets in Resources */,
				F29EA6B12BCC17F90053BC45 /* Assets.xcassets in Resources */,
				F29EA6C02BCC1DCD0053BC45 /* GoogleService-Info.plist in Resources */,
			);
			runOnlyForDeploymentPostprocessing = 0;
		};
/* End PBXResourcesBuildPhase section */

/* Begin PBXSourcesBuildPhase section */
		F29EA6A52BCC17F80053BC45 /* Sources */ = {
			isa = PBXSourcesBuildPhase;
			buildActionMask = 2147483647;
			files = (
				F29EA6AF2BCC17F80053BC45 /* MainView.swift in Sources */,
				F29EA6D52BCC24510053BC45 /* HomeViewModel.swift in Sources */,
				F29EA6C72BCC214D0053BC45 /* HomeView.swift in Sources */,
				F29EA6C52BCC213B0053BC45 /* ProfileView.swift in Sources */,
				F29EA6C92BCC21600053BC45 /* LoginView.swift in Sources */,
				F29EA6CB2BCC21920053BC45 /* SignUpView.swift in Sources */,
				F29EA6DE2BCC250A0053BC45 /* ItemModel.swift in Sources */,
				F29EA6AD2BCC17F80053BC45 /* ToDoApp.swift in Sources */,
				F29EA6D32BCC24490053BC45 /* ProfileViewModel.swift in Sources */,
				F29EA6DC2BCC24B40053BC45 /* User.swift in Sources */,
				F29EA6D72BCC245A0053BC45 /* LoginViewModel.swift in Sources */,
				F29EA6D12BCC24370053BC45 /* SignUpViewModel.swift in Sources */,
			);
			runOnlyForDeploymentPostprocessing = 0;
		};
/* End PBXSourcesBuildPhase section */

/* Begin XCBuildConfiguration section */
		F29EA6B52BCC17F90053BC45 /* Debug */ = {
			isa = XCBuildConfiguration;
			buildSettings = {
				ALWAYS_SEARCH_USER_PATHS = NO;
				ASSETCATALOG_COMPILER_GENERATE_SWIFT_ASSET_SYMBOL_EXTENSIONS = YES;
				CLANG_ANALYZER_NONNULL = YES;
				CLANG_ANALYZER_NUMBER_OBJECT_CONVERSION = YES_AGGRESSIVE;
				CLANG_CXX_LANGUAGE_STANDARD = "gnu++20";
				CLANG_ENABLE_MODULES = YES;
				CLANG_ENABLE_OBJC_ARC = YES;
				CLANG_ENABLE_OBJC_WEAK = YES;
				CLANG_WARN_BLOCK_CAPTURE_AUTORELEASING = YES;
				CLANG_WARN_BOOL_CONVERSION = YES;
				CLANG_WARN_COMMA = YES;
				CLANG_WARN_CONSTANT_CONVERSION = YES;
				CLANG_WARN_DEPRECATED_OBJC_IMPLEMENTATIONS = YES;
				CLANG_WARN_DIRECT_OBJC_ISA_USAGE = YES_ERROR;
				CLANG_WARN_DOCUMENTATION_COMMENTS = YES;
				CLANG_WARN_EMPTY_BODY = YES;
				CLANG_WARN_ENUM_CONVERSION = YES;
				CLANG_WARN_INFINITE_RECURSION = YES;
				CLANG_WARN_INT_CONVERSION = YES;
				CLANG_WARN_NON_LITERAL_NULL_CONVERSION = YES;
				CLANG_WARN_OBJC_IMPLICIT_RETAIN_SELF = YES;
				CLANG_WARN_OBJC_LITERAL_CONVERSION = YES;
				CLANG_WARN_OBJC_ROOT_CLASS = YES_ERROR;
				CLANG_WARN_QUOTED_INCLUDE_IN_FRAMEWORK_HEADER = YES;
				CLANG_WARN_RANGE_LOOP_ANALYSIS = YES;
				CLANG_WARN_STRICT_PROTOTYPES = YES;
				CLANG_WARN_SUSPICIOUS_MOVE = YES;
				CLANG_WARN_UNGUARDED_AVAILABILITY = YES_AGGRESSIVE;
				CLANG_WARN_UNREACHABLE_CODE = YES;
				CLANG_WARN__DUPLICATE_METHOD_MATCH = YES;
				COPY_PHASE_STRIP = NO;
				DEBUG_INFORMATION_FORMAT = dwarf;
				ENABLE_STRICT_OBJC_MSGSEND = YES;
				ENABLE_TESTABILITY = YES;
				ENABLE_USER_SCRIPT_SANDBOXING = YES;
				GCC_C_LANGUAGE_STANDARD = gnu17;
				GCC_DYNAMIC_NO_PIC = NO;
				GCC_NO_COMMON_BLOCKS = YES;
				GCC_OPTIMIZATION_LEVEL = 0;
				GCC_PREPROCESSOR_DEFINITIONS = (
					"DEBUG=1",
					"$(inherited)",
				);
				GCC_WARN_64_TO_32_BIT_CONVERSION = YES;
				GCC_WARN_ABOUT_RETURN_TYPE = YES_ERROR;
				GCC_WARN_UNDECLARED_SELECTOR = YES;
				GCC_WARN_UNINITIALIZED_AUTOS = YES_AGGRESSIVE;
				GCC_WARN_UNUSED_FUNCTION = YES;
				GCC_WARN_UNUSED_VARIABLE = YES;
				IPHONEOS_DEPLOYMENT_TARGET = 17.4;
				LOCALIZATION_PREFERS_STRING_CATALOGS = YES;
				MTL_ENABLE_DEBUG_INFO = INCLUDE_SOURCE;
				MTL_FAST_MATH = YES;
				ONLY_ACTIVE_ARCH = YES;
				SDKROOT = iphoneos;
				SWIFT_ACTIVE_COMPILATION_CONDITIONS = "DEBUG $(inherited)";
				SWIFT_OPTIMIZATION_LEVEL = "-Onone";
			};
			name = Debug;
		};
		F29EA6B62BCC17F90053BC45 /* Release */ = {
			isa = XCBuildConfiguration;
			buildSettings = {
				ALWAYS_SEARCH_USER_PATHS = NO;
				ASSETCATALOG_COMPILER_GENERATE_SWIFT_ASSET_SYMBOL_EXTENSIONS = YES;
				CLANG_ANALYZER_NONNULL = YES;
				CLANG_ANALYZER_NUMBER_OBJECT_CONVERSION = YES_AGGRESSIVE;
				CLANG_CXX_LANGUAGE_STANDARD = "gnu++20";
				CLANG_ENABLE_MODULES = YES;
				CLANG_ENABLE_OBJC_ARC = YES;
				CLANG_ENABLE_OBJC_WEAK = YES;
				CLANG_WARN_BLOCK_CAPTURE_AUTORELEASING = YES;
				CLANG_WARN_BOOL_CONVERSION = YES;
				CLANG_WARN_COMMA = YES;
				CLANG_WARN_CONSTANT_CONVERSION = YES;
				CLANG_WARN_DEPRECATED_OBJC_IMPLEMENTATIONS = YES;
				CLANG_WARN_DIRECT_OBJC_ISA_USAGE = YES_ERROR;
				CLANG_WARN_DOCUMENTATION_COMMENTS = YES;
				CLANG_WARN_EMPTY_BODY = YES;
				CLANG_WARN_ENUM_CONVERSION = YES;
				CLANG_WARN_INFINITE_RECURSION = YES;
				CLANG_WARN_INT_CONVERSION = YES;
				CLANG_WARN_NON_LITERAL_NULL_CONVERSION = YES;
				CLANG_WARN_OBJC_IMPLICIT_RETAIN_SELF = YES;
				CLANG_WARN_OBJC_LITERAL_CONVERSION = YES;
				CLANG_WARN_OBJC_ROOT_CLASS = YES_ERROR;
				CLANG_WARN_QUOTED_INCLUDE_IN_FRAMEWORK_HEADER = YES;
				CLANG_WARN_RANGE_LOOP_ANALYSIS = YES;
				CLANG_WARN_STRICT_PROTOTYPES = YES;
				CLANG_WARN_SUSPICIOUS_MOVE = YES;
				CLANG_WARN_UNGUARDED_AVAILABILITY = YES_AGGRESSIVE;
				CLANG_WARN_UNREACHABLE_CODE = YES;
				CLANG_WARN__DUPLICATE_METHOD_MATCH = YES;
				COPY_PHASE_STRIP = NO;
				DEBUG_INFORMATION_FORMAT = "dwarf-with-dsym";
				ENABLE_NS_ASSERTIONS = NO;
				ENABLE_STRICT_OBJC_MSGSEND = YES;
				ENABLE_USER_SCRIPT_SANDBOXING = YES;
				GCC_C_LANGUAGE_STANDARD = gnu17;
				GCC_NO_COMMON_BLOCKS = YES;
				GCC_WARN_64_TO_32_BIT_CONVERSION = YES;
				GCC_WARN_ABOUT_RETURN_TYPE = YES_ERROR;
				GCC_WARN_UNDECLARED_SELECTOR = YES;
				GCC_WARN_UNINITIALIZED_AUTOS = YES_AGGRESSIVE;
				GCC_WARN_UNUSED_FUNCTION = YES;
				GCC_WARN_UNUSED_VARIABLE = YES;
				IPHONEOS_DEPLOYMENT_TARGET = 17.4;
				LOCALIZATION_PREFERS_STRING_CATALOGS = YES;
				MTL_ENABLE_DEBUG_INFO = NO;
				MTL_FAST_MATH = YES;
				SDKROOT = iphoneos;
				SWIFT_COMPILATION_MODE = wholemodule;
				VALIDATE_PRODUCT = YES;
			};
			name = Release;
		};
		F29EA6B82BCC17F90053BC45 /* Debug */ = {
			isa = XCBuildConfiguration;
			buildSettings = {
				ASSETCATALOG_COMPILER_APPICON_NAME = AppIcon;
				ASSETCATALOG_COMPILER_GLOBAL_ACCENT_COLOR_NAME = AccentColor;
				CODE_SIGN_STYLE = Automatic;
				CURRENT_PROJECT_VERSION = 1;
				DEVELOPMENT_ASSET_PATHS = "\"ToDo/Preview Content\"";
				ENABLE_PREVIEWS = YES;
				GENERATE_INFOPLIST_FILE = YES;
				INFOPLIST_KEY_CFBundleDisplayName = "To Do";
				INFOPLIST_KEY_UIApplicationSceneManifest_Generation = YES;
				INFOPLIST_KEY_UIApplicationSupportsIndirectInputEvents = YES;
				INFOPLIST_KEY_UILaunchScreen_Generation = YES;
				INFOPLIST_KEY_UISupportedInterfaceOrientations = UIInterfaceOrientationPortrait;
				LD_RUNPATH_SEARCH_PATHS = (
					"$(inherited)",
					"@executable_path/Frameworks",
				);
				MARKETING_VERSION = 1.0;
				PRODUCT_BUNDLE_IDENTIFIER = hali.ToDo;
				PRODUCT_NAME = "$(TARGET_NAME)";
				SWIFT_EMIT_LOC_STRINGS = YES;
				SWIFT_VERSION = 5.0;
				TARGETED_DEVICE_FAMILY = "1,2";
			};
			name = Debug;
		};
		F29EA6B92BCC17F90053BC45 /* Release */ = {
			isa = XCBuildConfiguration;
			buildSettings = {
				ASSETCATALOG_COMPILER_APPICON_NAME = AppIcon;
				ASSETCATALOG_COMPILER_GLOBAL_ACCENT_COLOR_NAME = AccentColor;
				CODE_SIGN_STYLE = Automatic;
				CURRENT_PROJECT_VERSION = 1;
				DEVELOPMENT_ASSET_PATHS = "\"ToDo/Preview Content\"";
				ENABLE_PREVIEWS = YES;
				GENERATE_INFOPLIST_FILE = YES;
				INFOPLIST_KEY_CFBundleDisplayName = "To Do";
				INFOPLIST_KEY_UIApplicationSceneManifest_Generation = YES;
				INFOPLIST_KEY_UIApplicationSupportsIndirectInputEvents = YES;
				INFOPLIST_KEY_UILaunchScreen_Generation = YES;
				INFOPLIST_KEY_UISupportedInterfaceOrientations = UIInterfaceOrientationPortrait;
				LD_RUNPATH_SEARCH_PATHS = (
					"$(inherited)",
					"@executable_path/Frameworks",
				);
				MARKETING_VERSION = 1.0;
				PRODUCT_BUNDLE_IDENTIFIER = hali.ToDo;
				PRODUCT_NAME = "$(TARGET_NAME)";
				SWIFT_EMIT_LOC_STRINGS = YES;
				SWIFT_VERSION = 5.0;
				TARGETED_DEVICE_FAMILY = "1,2";
			};
			name = Release;
		};
/* End XCBuildConfiguration section */

/* Begin XCConfigurationList section */
		F29EA6A42BCC17F80053BC45 /* Build configuration list for PBXProject "ToDo" */ = {
			isa = XCConfigurationList;
			buildConfigurations = (
				F29EA6B52BCC17F90053BC45 /* Debug */,
				F29EA6B62BCC17F90053BC45 /* Release */,
			);
			defaultConfigurationIsVisible = 0;
			defaultConfigurationName = Release;
		};
		F29EA6B72BCC17F90053BC45 /* Build configuration list for PBXNativeTarget "ToDo" */ = {
			isa = XCConfigurationList;
			buildConfigurations = (
				F29EA6B82BCC17F90053BC45 /* Debug */,
				F29EA6B92BCC17F90053BC45 /* Release */,
			);
			defaultConfigurationIsVisible = 0;
			defaultConfigurationName = Release;
		};
/* End XCConfigurationList section */

/* Begin XCRemoteSwiftPackageReference section */
		F29EA6BA2BCC1BA70053BC45 /* XCRemoteSwiftPackageReference "firebase-ios-sdk" */ = {
			isa = XCRemoteSwiftPackageReference;
			repositoryURL = "https://github.com/firebase/firebase-ios-sdk";
			requirement = {
				kind = upToNextMajorVersion;
				minimumVersion = 10.24.0;
			};
		};
/* End XCRemoteSwiftPackageReference section */

/* Begin XCSwiftPackageProductDependency section */
		F29EA6BB2BCC1BA70053BC45 /* FirebaseAuth */ = {
			isa = XCSwiftPackageProductDependency;
			package = F29EA6BA2BCC1BA70053BC45 /* XCRemoteSwiftPackageReference "firebase-ios-sdk" */;
			productName = FirebaseAuth;
		};
		F29EA6BD2BCC1BA70053BC45 /* FirebaseFirestore */ = {
			isa = XCSwiftPackageProductDependency;
			package = F29EA6BA2BCC1BA70053BC45 /* XCRemoteSwiftPackageReference "firebase-ios-sdk" */;
			productName = FirebaseFirestore;
		};
/* End XCSwiftPackageProductDependency section */
	};
	rootObject = F29EA6A12BCC17F80053BC45 /* Project object */;
}
